PODS:
  - Hero (1.2.0)
  - SDOS/Default (1.2.4):
    - SDOS/Default/Manager (= 1.2.4)
  - SDOS/Default/Manager (1.2.4)
  - SDOSHero (1.0.0):
    - Hero (~> 1.2.0)
    - SDOSHero/Hero (= 1.0.0)
  - SDOSHero/Hero (1.0.0):
    - Hero (~> 1.2.0)

DEPENDENCIES:
  - SDOS/Default
  - SDOSHero (from `../../`)

EXTERNAL SOURCES:
  SDOSHero:
    :path: ../../

SPEC CHECKSUMS:
  Hero: 33dadf2cd1c98af71e213dcbc2902e6e03622a4e
  SDOS: 1684c40d335393e6e774ead637f05a7377d5d304
  SDOSHero: 45cf72008e2211452b42c7f776b0198723f647c1

PODFILE CHECKSUM: b4ec9c6221a2f42d4e662a8c9cda02988532e8d4

COCOAPODS: 1.4.0
