PODS:
  - Hero (1.6.4)
  - SDOSHero (3.1.2):
    - Hero (~> 1.6)
    - SDOSHero/Hero (= 3.1.2)
  - SDOSHero/Hero (3.1.2):
    - Hero (~> 1.6)

DEPENDENCIES:
  - SDOSHero (from `../../`)

SPEC REPOS:
  https://github.com/CocoaPods/Specs.git:
    - Hero

EXTERNAL SOURCES:
  SDOSHero:
    :path: "../../"

SPEC CHECKSUMS:
  Hero: 473a0143017e1371d050fcbedb67d317925097f2
  SDOSHero: 501c459cf273df8516d0cc967850f528cfb1f176

PODFILE CHECKSUM: 84796c38d0caded0591f98047de225fc89b11d6f

COCOAPODS: 1.16.2
